
Microsoft Visual Studio Solution File, Format Version 12.00
# Visual Studio Version 16
VisualStudioVersion = 25.0.1706.0
MinimumVisualStudioVersion = 10.0.40219.1
Project("{2150E333-8FDC-42A3-9474-1A3956D46DE8}") = "src", "src", "{61C0BCFD-53B2-4EF9-88B8-ACD5FB00C8D5}"
EndProject
Project("{2150E333-8FDC-42A3-9474-1A3956D46DE8}") = "tests", "tests", "{7FAEA2AB-EC7F-412C-AA28-7CAD8E8FED95}"
EndProject
Project("{FAE04EC0-301F-11D3-BF4B-00C04F79EFBC}") = "TvPlus.Catalog.UnitTests", "tests\TvPlus.Catalog.UnitTests\TvPlus.Catalog.UnitTests.csproj", "{C6B66E66-A1B6-4426-8A14-BC6362010FEC}"
EndProject
Project("{FAE04EC0-301F-11D3-BF4B-00C04F79EFBC}") = "TvPlus.Catalog.Domain", "src\TvPlus.Catalog.Domain\TvPlus.Catalog.Domain.csproj", "{104B41F1-F64B-4C63-98AB-715D46342F8D}"
EndProject
Global
	GlobalSection(SolutionConfigurationPlatforms) = preSolution
		Debug|Any CPU = Debug|Any CPU
		Release|Any CPU = Release|Any CPU
	EndGlobalSection
	GlobalSection(ProjectConfigurationPlatforms) = postSolution
		{C6B66E66-A1B6-4426-8A14-BC6362010FEC}.Debug|Any CPU.ActiveCfg = Debug|Any CPU
		{C6B66E66-A1B6-4426-8A14-BC6362010FEC}.Debug|Any CPU.Build.0 = Debug|Any CPU
		{C6B66E66-A1B6-4426-8A14-BC6362010FEC}.Release|Any CPU.ActiveCfg = Release|Any CPU
		{C6B66E66-A1B6-4426-8A14-BC6362010FEC}.Release|Any CPU.Build.0 = Release|Any CPU
		{104B41F1-F64B-4C63-98AB-715D46342F8D}.Debug|Any CPU.ActiveCfg = Debug|Any CPU
		{104B41F1-F64B-4C63-98AB-715D46342F8D}.Debug|Any CPU.Build.0 = Debug|Any CPU
		{104B41F1-F64B-4C63-98AB-715D46342F8D}.Release|Any CPU.ActiveCfg = Release|Any CPU
		{104B41F1-F64B-4C63-98AB-715D46342F8D}.Release|Any CPU.Build.0 = Release|Any CPU
	EndGlobalSection
	GlobalSection(SolutionProperties) = preSolution
		HideSolutionNode = FALSE
	EndGlobalSection
	GlobalSection(ExtensibilityGlobals) = postSolution
		SolutionGuid = {B6780834-ABD4-4E65-AA52-0EC2E519A3F2}
	EndGlobalSection
	GlobalSection(NestedProjects) = preSolution
		{C6B66E66-A1B6-4426-8A14-BC6362010FEC} = {7FAEA2AB-EC7F-412C-AA28-7CAD8E8FED95}
		{104B41F1-F64B-4C63-98AB-715D46342F8D} = {61C0BCFD-53B2-4EF9-88B8-ACD5FB00C8D5}
	EndGlobalSection
EndGlobal
